
Microsoft Visual Studio Solution File, Format Version 12.00
# Visual Studio Version 17
VisualStudioVersion = 17.1.32228.430
MinimumVisualStudioVersion = 10.0.40219.1
Project("{2150E333-8FDC-42A3-9474-1A3956D46DE8}") = "Gateways", "Gateways", "{07CA4CBD-8F6C-4B7F-B2F7-6B1A63F22EE2}"
EndProject
Project("{2150E333-8FDC-42A3-9474-1A3956D46DE8}") = "Services", "Services", "{7636E318-5F39-4F9A-9D7F-D191AE2BD937}"
EndProject
Project("{2150E333-8FDC-42A3-9474-1A3956D46DE8}") = "Web", "Web", "{F7DEBB7D-68A4-4F39-8C82-D22EDB2A11CC}"
EndProject
Project("{2150E333-8FDC-42A3-9474-1A3956D46DE8}") = "NationalBank", "NationalBank", "{50F72CBC-C359-4C8B-8EB0-A6C4B6D72B96}"
EndProject
Project("{9A19103F-16F7-4668-BE54-9A1E7A4F7556}") = "OpenData.Gateways.Web", "Gateways\Web\OpenData.Gateways.Web\OpenData.Gateways.Web.csproj", "{99AE90F3-CA7E-45C9-8289-77451CDFFC8B}"
EndProject
Project("{9A19103F-16F7-4668-BE54-9A1E7A4F7556}") = "OpenData.Services.NationalBank.API", "Services\NationalBank\OpenData.Services.NationalBank.API\OpenData.Services.NationalBank.API.csproj", "{4FB88C1F-DED8-40DA-A98C-612ABD33658F}"
EndProject
Project("{2150E333-8FDC-42A3-9474-1A3956D46DE8}") = "Common", "Common", "{C3EF5C60-95A3-470B-8D9F-D6F7C4909536}"
EndProject
Project("{9A19103F-16F7-4668-BE54-9A1E7A4F7556}") = "OpenData.Common", "Common\OpenData.Common\OpenData.Common.csproj", "{041E08C2-B11F-4D45-BA48-0218F4383FD4}"
EndProject
Project("{9A19103F-16F7-4668-BE54-9A1E7A4F7556}") = "OpenData.Services.NationalBank.API.Tests", "Services\NationalBank\OpenData.Services.NationalBank.API.Tests\OpenData.Services.NationalBank.API.Tests.csproj", "{9E41AA47-9810-4A58-B50E-95353D0308A0}"
EndProject
Project("{9A19103F-16F7-4668-BE54-9A1E7A4F7556}") = "OpenData.Services.NationalBank.Domain", "Services\NationalBank\OpenData.Services.NationalBank.Domain\OpenData.Services.NationalBank.Domain.csproj", "{E0CA73FF-26AA-43CF-B6F5-63ECFA8960E8}"
EndProject
Project("{9A19103F-16F7-4668-BE54-9A1E7A4F7556}") = "OpenData.Services.NationalBank.Application", "Services\NationalBank\OpenData.Services.NationalBank.Application\OpenData.Services.NationalBank.Application.csproj", "{1217C197-13FC-42CD-BA7D-0501C8441BF4}"
EndProject
Project("{9A19103F-16F7-4668-BE54-9A1E7A4F7556}") = "OpenData.Services.NationalBank.Infrastructure", "Services\NationalBank\OpenData.Services.NationalBank.Infrastructure\OpenData.Services.NationalBank.Infrastructure.csproj", "{16A9952F-46DB-4DE0-A6F3-518ACB2823CE}"
EndProject
Project("{2150E333-8FDC-42A3-9474-1A3956D46DE8}") = "Identity", "Identity", "{2D18C1AA-9208-48C6-BF35-1B03D98ABFD8}"
EndProject
Project("{9A19103F-16F7-4668-BE54-9A1E7A4F7556}") = "OpenData.Identity.Web", "Identity\OpenData.Identity.Web\OpenData.Identity.Web.csproj", "{A2F90EAA-FA7C-47E0-888A-06238274808E}"
EndProject
Global
	GlobalSection(SolutionConfigurationPlatforms) = preSolution
		Debug|Any CPU = Debug|Any CPU
		Release|Any CPU = Release|Any CPU
	EndGlobalSection
	GlobalSection(ProjectConfigurationPlatforms) = postSolution
		{99AE90F3-CA7E-45C9-8289-77451CDFFC8B}.Debug|Any CPU.ActiveCfg = Debug|Any CPU
		{99AE90F3-CA7E-45C9-8289-77451CDFFC8B}.Debug|Any CPU.Build.0 = Debug|Any CPU
		{99AE90F3-CA7E-45C9-8289-77451CDFFC8B}.Release|Any CPU.ActiveCfg = Release|Any CPU
		{99AE90F3-CA7E-45C9-8289-77451CDFFC8B}.Release|Any CPU.Build.0 = Release|Any CPU
		{4FB88C1F-DED8-40DA-A98C-612ABD33658F}.Debug|Any CPU.ActiveCfg = Debug|Any CPU
		{4FB88C1F-DED8-40DA-A98C-612ABD33658F}.Debug|Any CPU.Build.0 = Debug|Any CPU
		{4FB88C1F-DED8-40DA-A98C-612ABD33658F}.Release|Any CPU.ActiveCfg = Release|Any CPU
		{4FB88C1F-DED8-40DA-A98C-612ABD33658F}.Release|Any CPU.Build.0 = Release|Any CPU
		{041E08C2-B11F-4D45-BA48-0218F4383FD4}.Debug|Any CPU.ActiveCfg = Debug|Any CPU
		{041E08C2-B11F-4D45-BA48-0218F4383FD4}.Debug|Any CPU.Build.0 = Debug|Any CPU
		{041E08C2-B11F-4D45-BA48-0218F4383FD4}.Release|Any CPU.ActiveCfg = Release|Any CPU
		{041E08C2-B11F-4D45-BA48-0218F4383FD4}.Release|Any CPU.Build.0 = Release|Any CPU
		{9E41AA47-9810-4A58-B50E-95353D0308A0}.Debug|Any CPU.ActiveCfg = Debug|Any CPU
		{9E41AA47-9810-4A58-B50E-95353D0308A0}.Debug|Any CPU.Build.0 = Debug|Any CPU
		{9E41AA47-9810-4A58-B50E-95353D0308A0}.Release|Any CPU.ActiveCfg = Release|Any CPU
		{9E41AA47-9810-4A58-B50E-95353D0308A0}.Release|Any CPU.Build.0 = Release|Any CPU
		{E0CA73FF-26AA-43CF-B6F5-63ECFA8960E8}.Debug|Any CPU.ActiveCfg = Debug|Any CPU
		{E0CA73FF-26AA-43CF-B6F5-63ECFA8960E8}.Debug|Any CPU.Build.0 = Debug|Any CPU
		{E0CA73FF-26AA-43CF-B6F5-63ECFA8960E8}.Release|Any CPU.ActiveCfg = Release|Any CPU
		{E0CA73FF-26AA-43CF-B6F5-63ECFA8960E8}.Release|Any CPU.Build.0 = Release|Any CPU
		{1217C197-13FC-42CD-BA7D-0501C8441BF4}.Debug|Any CPU.ActiveCfg = Debug|Any CPU
		{1217C197-13FC-42CD-BA7D-0501C8441BF4}.Debug|Any CPU.Build.0 = Debug|Any CPU
		{1217C197-13FC-42CD-BA7D-0501C8441BF4}.Release|Any CPU.ActiveCfg = Release|Any CPU
		{1217C197-13FC-42CD-BA7D-0501C8441BF4}.Release|Any CPU.Build.0 = Release|Any CPU
		{16A9952F-46DB-4DE0-A6F3-518ACB2823CE}.Debug|Any CPU.ActiveCfg = Debug|Any CPU
		{16A9952F-46DB-4DE0-A6F3-518ACB2823CE}.Debug|Any CPU.Build.0 = Debug|Any CPU
		{16A9952F-46DB-4DE0-A6F3-518ACB2823CE}.Release|Any CPU.ActiveCfg = Release|Any CPU
		{16A9952F-46DB-4DE0-A6F3-518ACB2823CE}.Release|Any CPU.Build.0 = Release|Any CPU
		{A2F90EAA-FA7C-47E0-888A-06238274808E}.Debug|Any CPU.ActiveCfg = Debug|Any CPU
		{A2F90EAA-FA7C-47E0-888A-06238274808E}.Debug|Any CPU.Build.0 = Debug|Any CPU
		{A2F90EAA-FA7C-47E0-888A-06238274808E}.Release|Any CPU.ActiveCfg = Release|Any CPU
		{A2F90EAA-FA7C-47E0-888A-06238274808E}.Release|Any CPU.Build.0 = Release|Any CPU
	EndGlobalSection
	GlobalSection(SolutionProperties) = preSolution
		HideSolutionNode = FALSE
	EndGlobalSection
	GlobalSection(NestedProjects) = preSolution
		{F7DEBB7D-68A4-4F39-8C82-D22EDB2A11CC} = {07CA4CBD-8F6C-4B7F-B2F7-6B1A63F22EE2}
		{50F72CBC-C359-4C8B-8EB0-A6C4B6D72B96} = {7636E318-5F39-4F9A-9D7F-D191AE2BD937}
		{99AE90F3-CA7E-45C9-8289-77451CDFFC8B} = {F7DEBB7D-68A4-4F39-8C82-D22EDB2A11CC}
		{4FB88C1F-DED8-40DA-A98C-612ABD33658F} = {50F72CBC-C359-4C8B-8EB0-A6C4B6D72B96}
		{041E08C2-B11F-4D45-BA48-0218F4383FD4} = {C3EF5C60-95A3-470B-8D9F-D6F7C4909536}
		{9E41AA47-9810-4A58-B50E-95353D0308A0} = {50F72CBC-C359-4C8B-8EB0-A6C4B6D72B96}
		{E0CA73FF-26AA-43CF-B6F5-63ECFA8960E8} = {50F72CBC-C359-4C8B-8EB0-A6C4B6D72B96}
		{1217C197-13FC-42CD-BA7D-0501C8441BF4} = {50F72CBC-C359-4C8B-8EB0-A6C4B6D72B96}
		{16A9952F-46DB-4DE0-A6F3-518ACB2823CE} = {50F72CBC-C359-4C8B-8EB0-A6C4B6D72B96}
		{A2F90EAA-FA7C-47E0-888A-06238274808E} = {2D18C1AA-9208-48C6-BF35-1B03D98ABFD8}
	EndGlobalSection
	GlobalSection(ExtensibilityGlobals) = postSolution
		SolutionGuid = {0C8983D9-07D9-47C6-8778-4C48D1C985DA}
	EndGlobalSection
EndGlobal
